
Microsoft Visual Studio Solution File, Format Version 12.00
# Visual Studio Version 17
VisualStudioVersion = 17.6.33801.468
MinimumVisualStudioVersion = 10.0.40219.1
Project("{9A19103F-16F7-4668-BE54-9A1E7A4F7556}") = "Stats.Models", "Models\Stats.Models.csproj", "{A37F347C-D16B-4CA6-9927-3A1ED6D3585E}"
EndProject
Project("{9A19103F-16F7-4668-BE54-9A1E7A4F7556}") = "Stats.Api", "Api\Stats.Api.csproj", "{09C7F35D-080B-4887-8DB2-6C3E82E79F85}"
EndProject
Project("{FAE04EC0-301F-11D3-BF4B-00C04F79EFBC}") = "WebExStatsSvc", "WebExStatsSvc\WebExStatsSvc.csproj", "{BFEF8F0B-B37A-4F0C-8155-378778243D13}"
EndProject
Project("{9A19103F-16F7-4668-BE54-9A1E7A4F7556}") = "Stats.Web", "Web\Stats.Web.csproj", "{D1DCB2B7-6EEF-496B-8F03-C5226DD4859F}"
EndProject
Global
	GlobalSection(SolutionConfigurationPlatforms) = preSolution
		Debug|Any CPU = Debug|Any CPU
		Debug|x64 = Debug|x64
		Release|Any CPU = Release|Any CPU
		Release|x64 = Release|x64
	EndGlobalSection
	GlobalSection(ProjectConfigurationPlatforms) = postSolution
		{A37F347C-D16B-4CA6-9927-3A1ED6D3585E}.Debug|Any CPU.ActiveCfg = Debug|Any CPU
		{A37F347C-D16B-4CA6-9927-3A1ED6D3585E}.Debug|Any CPU.Build.0 = Debug|Any CPU
		{A37F347C-D16B-4CA6-9927-3A1ED6D3585E}.Debug|x64.ActiveCfg = Debug|Any CPU
		{A37F347C-D16B-4CA6-9927-3A1ED6D3585E}.Debug|x64.Build.0 = Debug|Any CPU
		{A37F347C-D16B-4CA6-9927-3A1ED6D3585E}.Release|Any CPU.ActiveCfg = Release|Any CPU
		{A37F347C-D16B-4CA6-9927-3A1ED6D3585E}.Release|Any CPU.Build.0 = Release|Any CPU
		{A37F347C-D16B-4CA6-9927-3A1ED6D3585E}.Release|x64.ActiveCfg = Release|Any CPU
		{A37F347C-D16B-4CA6-9927-3A1ED6D3585E}.Release|x64.Build.0 = Release|Any CPU
		{09C7F35D-080B-4887-8DB2-6C3E82E79F85}.Debug|Any CPU.ActiveCfg = Debug|Any CPU
		{09C7F35D-080B-4887-8DB2-6C3E82E79F85}.Debug|Any CPU.Build.0 = Debug|Any CPU
		{09C7F35D-080B-4887-8DB2-6C3E82E79F85}.Debug|x64.ActiveCfg = Debug|Any CPU
		{09C7F35D-080B-4887-8DB2-6C3E82E79F85}.Debug|x64.Build.0 = Debug|Any CPU
		{09C7F35D-080B-4887-8DB2-6C3E82E79F85}.Release|Any CPU.ActiveCfg = Release|Any CPU
		{09C7F35D-080B-4887-8DB2-6C3E82E79F85}.Release|Any CPU.Build.0 = Release|Any CPU
		{09C7F35D-080B-4887-8DB2-6C3E82E79F85}.Release|x64.ActiveCfg = Release|Any CPU
		{09C7F35D-080B-4887-8DB2-6C3E82E79F85}.Release|x64.Build.0 = Release|Any CPU
		{BFEF8F0B-B37A-4F0C-8155-378778243D13}.Debug|Any CPU.ActiveCfg = Debug|Any CPU
		{BFEF8F0B-B37A-4F0C-8155-378778243D13}.Debug|Any CPU.Build.0 = Debug|Any CPU
		{BFEF8F0B-B37A-4F0C-8155-378778243D13}.Debug|x64.ActiveCfg = Debug|x64
		{BFEF8F0B-B37A-4F0C-8155-378778243D13}.Debug|x64.Build.0 = Debug|x64
		{BFEF8F0B-B37A-4F0C-8155-378778243D13}.Release|Any CPU.ActiveCfg = Release|Any CPU
		{BFEF8F0B-B37A-4F0C-8155-378778243D13}.Release|Any CPU.Build.0 = Release|Any CPU
		{BFEF8F0B-B37A-4F0C-8155-378778243D13}.Release|x64.ActiveCfg = Release|x64
		{BFEF8F0B-B37A-4F0C-8155-378778243D13}.Release|x64.Build.0 = Release|x64
		{D1DCB2B7-6EEF-496B-8F03-C5226DD4859F}.Debug|Any CPU.ActiveCfg = Debug|Any CPU
		{D1DCB2B7-6EEF-496B-8F03-C5226DD4859F}.Debug|Any CPU.Build.0 = Debug|Any CPU
		{D1DCB2B7-6EEF-496B-8F03-C5226DD4859F}.Debug|x64.ActiveCfg = Debug|Any CPU
		{D1DCB2B7-6EEF-496B-8F03-C5226DD4859F}.Debug|x64.Build.0 = Debug|Any CPU
		{D1DCB2B7-6EEF-496B-8F03-C5226DD4859F}.Release|Any CPU.ActiveCfg = Release|Any CPU
		{D1DCB2B7-6EEF-496B-8F03-C5226DD4859F}.Release|Any CPU.Build.0 = Release|Any CPU
		{D1DCB2B7-6EEF-496B-8F03-C5226DD4859F}.Release|x64.ActiveCfg = Release|Any CPU
		{D1DCB2B7-6EEF-496B-8F03-C5226DD4859F}.Release|x64.Build.0 = Release|Any CPU
	EndGlobalSection
	GlobalSection(SolutionProperties) = preSolution
		HideSolutionNode = FALSE
	EndGlobalSection
	GlobalSection(ExtensibilityGlobals) = postSolution
		SolutionGuid = {BDDDE927-A639-4AD3-90C8-02897421CE5C}
	EndGlobalSection
EndGlobal
